
Microsoft Visual Studio Solution File, Format Version 12.00
# Visual Studio Version 17
VisualStudioVersion = 17.12.35506.116
MinimumVisualStudioVersion = 10.0.40219.1
Project("{8BC9CEB8-8B4A-11D0-8D11-00A0C91BC942}") = "顺序表", "顺序表\顺序表.vcxproj", "{BADCCDFB-B286-4D15-B4FC-E9832B47AA0E}"
EndProject
Project("{8BC9CEB8-8B4A-11D0-8D11-00A0C91BC942}") = "链表", "链表\链表.vcxproj", "{84A0740B-781A-47F2-9A53-C1F604E9BA5B}"
EndProject
Project("{8BC9CEB8-8B4A-11D0-8D11-00A0C91BC942}") = "顺序栈", "栈\栈.vcxproj", "{315BF305-1010-47CC-A820-84943F5583EB}"
EndProject
Project("{8BC9CEB8-8B4A-11D0-8D11-00A0C91BC942}") = "链栈", "链栈\链栈.vcxproj", "{979A6F3C-E0F3-43E5-BD37-BDC77552A07F}"
EndProject
Project("{8BC9CEB8-8B4A-11D0-8D11-00A0C91BC942}") = "循环队列", "队列\队列.vcxproj", "{0880F339-B029-4165-AC46-430FDA8898CC}"
EndProject
Project("{8BC9CEB8-8B4A-11D0-8D11-00A0C91BC942}") = "链式队列", "链式队列\链式队列.vcxproj", "{D4CE5962-FC47-4062-9169-0801B95752FA}"
EndProject
Project("{8BC9CEB8-8B4A-11D0-8D11-00A0C91BC942}") = "串", "串\串.vcxproj", "{5BEDE82F-169F-40C4-9346-2E24972D8AA0}"
EndProject
Project("{8BC9CEB8-8B4A-11D0-8D11-00A0C91BC942}") = "二叉树", "二叉树\二叉树.vcxproj", "{6BF8F11C-B2A2-46AB-B73C-E2F8A4E1BBE4}"
EndProject
Project("{8BC9CEB8-8B4A-11D0-8D11-00A0C91BC942}") = "哈夫曼树", "哈夫曼树\哈夫曼树.vcxproj", "{15B061A1-201A-4491-BE55-FAB1A9968570}"
EndProject
Project("{8BC9CEB8-8B4A-11D0-8D11-00A0C91BC942}") = "二叉排序树", "二叉排序树\二叉排序树.vcxproj", "{00E9B224-911B-41CD-B273-8BB2CD5E9969}"
EndProject
Project("{8BC9CEB8-8B4A-11D0-8D11-00A0C91BC942}") = "红黑树", "红黑树\红黑树.vcxproj", "{64A60203-6BE7-4D76-8B79-1A119D717EED}"
EndProject
Project("{8BC9CEB8-8B4A-11D0-8D11-00A0C91BC942}") = "平衡二叉树", "平衡二叉树\平衡二叉树.vcxproj", "{914F9167-C1EF-4409-8D12-78F5886DB5B1}"
EndProject
Project("{8BC9CEB8-8B4A-11D0-8D11-00A0C91BC942}") = "散列表", "散列表\散列表.vcxproj", "{76C341F7-30E1-41BD-9224-41DC6F690260}"
EndProject
Project("{8BC9CEB8-8B4A-11D0-8D11-00A0C91BC942}") = "顺序查找", "顺序查找\顺序查找.vcxproj", "{23F52A7F-611D-452D-885F-134A49DDA80E}"
EndProject
Project("{8BC9CEB8-8B4A-11D0-8D11-00A0C91BC942}") = "二分查找", "二分查找\二分查找.vcxproj", "{01F44A16-37B3-403E-95A4-23D511451BD3}"
EndProject
Project("{8BC9CEB8-8B4A-11D0-8D11-00A0C91BC942}") = "B树", "B树\B树.vcxproj", "{361F0E64-05A9-4194-8FAE-241946F197EC}"
EndProject
Project("{8BC9CEB8-8B4A-11D0-8D11-00A0C91BC942}") = "Bplus", "Bplus\Bplus.vcxproj", "{CC2D11C0-0378-4EC4-B837-D2F971A121D3}"
EndProject
Project("{8BC9CEB8-8B4A-11D0-8D11-00A0C91BC942}") = "插入排序", "插入排序\插入排序.vcxproj", "{B4955360-0DED-402D-88D8-BE4E2D5C2EF2}"
EndProject
Project("{8BC9CEB8-8B4A-11D0-8D11-00A0C91BC942}") = "归并排序", "归并排序\归并排序.vcxproj", "{E45E9DFD-DE3C-4045-87FB-933753DD7CC2}"
EndProject
Project("{8BC9CEB8-8B4A-11D0-8D11-00A0C91BC942}") = "基数排序", "基数排序\基数排序.vcxproj", "{1312A465-50AA-4253-ACEA-300BA88A4C3A}"
EndProject
Project("{8BC9CEB8-8B4A-11D0-8D11-00A0C91BC942}") = "交换排序", "交换排序\交换排序.vcxproj", "{CE61A49F-A121-437C-BE76-1AA47ED4B171}"
EndProject
Project("{8BC9CEB8-8B4A-11D0-8D11-00A0C91BC942}") = "分块排序", "分块排序\分块排序.vcxproj", "{AB844295-A3D0-480C-875A-B0729A808387}"
EndProject
Project("{8BC9CEB8-8B4A-11D0-8D11-00A0C91BC942}") = "选择排序", "选择排序\选择排序.vcxproj", "{EB99C068-FE91-4ABF-8988-6B0B4E507284}"
EndProject
Project("{8BC9CEB8-8B4A-11D0-8D11-00A0C91BC942}") = "堆排序", "堆排序\堆排序.vcxproj", "{5A2136D8-005C-475C-883A-5DBAC658E3E7}"
EndProject
Project("{8BC9CEB8-8B4A-11D0-8D11-00A0C91BC942}") = "多路归并排序", "多路归并排序\多路归并排序.vcxproj", "{B8B97AB5-72BD-4B18-A929-D5E86C9CA050}"
EndProject
Project("{8BC9CEB8-8B4A-11D0-8D11-00A0C91BC942}") = "最小堆优化K路归并", "最小堆优化K路归并\最小堆优化K路归并.vcxproj", "{C229E883-6D09-4933-BEA1-C24F237D691F}"
EndProject
Project("{8BC9CEB8-8B4A-11D0-8D11-00A0C91BC942}") = "图", "图\图.vcxproj", "{C13F9DC0-9454-4AFC-B4DD-E0F3D3D36115}"
EndProject
Global
	GlobalSection(SolutionConfigurationPlatforms) = preSolution
		Debug|x64 = Debug|x64
		Debug|x86 = Debug|x86
		Release|x64 = Release|x64
		Release|x86 = Release|x86
	EndGlobalSection
	GlobalSection(ProjectConfigurationPlatforms) = postSolution
		{BADCCDFB-B286-4D15-B4FC-E9832B47AA0E}.Debug|x64.ActiveCfg = Debug|x64
		{BADCCDFB-B286-4D15-B4FC-E9832B47AA0E}.Debug|x64.Build.0 = Debug|x64
		{BADCCDFB-B286-4D15-B4FC-E9832B47AA0E}.Debug|x86.ActiveCfg = Debug|Win32
		{BADCCDFB-B286-4D15-B4FC-E9832B47AA0E}.Debug|x86.Build.0 = Debug|Win32
		{BADCCDFB-B286-4D15-B4FC-E9832B47AA0E}.Release|x64.ActiveCfg = Release|x64
		{BADCCDFB-B286-4D15-B4FC-E9832B47AA0E}.Release|x64.Build.0 = Release|x64
		{BADCCDFB-B286-4D15-B4FC-E9832B47AA0E}.Release|x86.ActiveCfg = Release|Win32
		{BADCCDFB-B286-4D15-B4FC-E9832B47AA0E}.Release|x86.Build.0 = Release|Win32
		{84A0740B-781A-47F2-9A53-C1F604E9BA5B}.Debug|x64.ActiveCfg = Debug|x64
		{84A0740B-781A-47F2-9A53-C1F604E9BA5B}.Debug|x64.Build.0 = Debug|x64
		{84A0740B-781A-47F2-9A53-C1F604E9BA5B}.Debug|x86.ActiveCfg = Debug|Win32
		{84A0740B-781A-47F2-9A53-C1F604E9BA5B}.Debug|x86.Build.0 = Debug|Win32
		{84A0740B-781A-47F2-9A53-C1F604E9BA5B}.Release|x64.ActiveCfg = Release|x64
		{84A0740B-781A-47F2-9A53-C1F604E9BA5B}.Release|x64.Build.0 = Release|x64
		{84A0740B-781A-47F2-9A53-C1F604E9BA5B}.Release|x86.ActiveCfg = Release|Win32
		{84A0740B-781A-47F2-9A53-C1F604E9BA5B}.Release|x86.Build.0 = Release|Win32
		{315BF305-1010-47CC-A820-84943F5583EB}.Debug|x64.ActiveCfg = Debug|x64
		{315BF305-1010-47CC-A820-84943F5583EB}.Debug|x64.Build.0 = Debug|x64
		{315BF305-1010-47CC-A820-84943F5583EB}.Debug|x86.ActiveCfg = Debug|Win32
		{315BF305-1010-47CC-A820-84943F5583EB}.Debug|x86.Build.0 = Debug|Win32
		{315BF305-1010-47CC-A820-84943F5583EB}.Release|x64.ActiveCfg = Release|x64
		{315BF305-1010-47CC-A820-84943F5583EB}.Release|x64.Build.0 = Release|x64
		{315BF305-1010-47CC-A820-84943F5583EB}.Release|x86.ActiveCfg = Release|Win32
		{315BF305-1010-47CC-A820-84943F5583EB}.Release|x86.Build.0 = Release|Win32
		{979A6F3C-E0F3-43E5-BD37-BDC77552A07F}.Debug|x64.ActiveCfg = Debug|x64
		{979A6F3C-E0F3-43E5-BD37-BDC77552A07F}.Debug|x64.Build.0 = Debug|x64
		{979A6F3C-E0F3-43E5-BD37-BDC77552A07F}.Debug|x86.ActiveCfg = Debug|Win32
		{979A6F3C-E0F3-43E5-BD37-BDC77552A07F}.Debug|x86.Build.0 = Debug|Win32
		{979A6F3C-E0F3-43E5-BD37-BDC77552A07F}.Release|x64.ActiveCfg = Release|x64
		{979A6F3C-E0F3-43E5-BD37-BDC77552A07F}.Release|x64.Build.0 = Release|x64
		{979A6F3C-E0F3-43E5-BD37-BDC77552A07F}.Release|x86.ActiveCfg = Release|Win32
		{979A6F3C-E0F3-43E5-BD37-BDC77552A07F}.Release|x86.Build.0 = Release|Win32
		{0880F339-B029-4165-AC46-430FDA8898CC}.Debug|x64.ActiveCfg = Debug|x64
		{0880F339-B029-4165-AC46-430FDA8898CC}.Debug|x64.Build.0 = Debug|x64
		{0880F339-B029-4165-AC46-430FDA8898CC}.Debug|x86.ActiveCfg = Debug|Win32
		{0880F339-B029-4165-AC46-430FDA8898CC}.Debug|x86.Build.0 = Debug|Win32
		{0880F339-B029-4165-AC46-430FDA8898CC}.Release|x64.ActiveCfg = Release|x64
		{0880F339-B029-4165-AC46-430FDA8898CC}.Release|x64.Build.0 = Release|x64
		{0880F339-B029-4165-AC46-430FDA8898CC}.Release|x86.ActiveCfg = Release|Win32
		{0880F339-B029-4165-AC46-430FDA8898CC}.Release|x86.Build.0 = Release|Win32
		{D4CE5962-FC47-4062-9169-0801B95752FA}.Debug|x64.ActiveCfg = Debug|x64
		{D4CE5962-FC47-4062-9169-0801B95752FA}.Debug|x64.Build.0 = Debug|x64
		{D4CE5962-FC47-4062-9169-0801B95752FA}.Debug|x86.ActiveCfg = Debug|Win32
		{D4CE5962-FC47-4062-9169-0801B95752FA}.Debug|x86.Build.0 = Debug|Win32
		{D4CE5962-FC47-4062-9169-0801B95752FA}.Release|x64.ActiveCfg = Release|x64
		{D4CE5962-FC47-4062-9169-0801B95752FA}.Release|x64.Build.0 = Release|x64
		{D4CE5962-FC47-4062-9169-0801B95752FA}.Release|x86.ActiveCfg = Release|Win32
		{D4CE5962-FC47-4062-9169-0801B95752FA}.Release|x86.Build.0 = Release|Win32
		{5BEDE82F-169F-40C4-9346-2E24972D8AA0}.Debug|x64.ActiveCfg = Debug|x64
		{5BEDE82F-169F-40C4-9346-2E24972D8AA0}.Debug|x64.Build.0 = Debug|x64
		{5BEDE82F-169F-40C4-9346-2E24972D8AA0}.Debug|x86.ActiveCfg = Debug|Win32
		{5BEDE82F-169F-40C4-9346-2E24972D8AA0}.Debug|x86.Build.0 = Debug|Win32
		{5BEDE82F-169F-40C4-9346-2E24972D8AA0}.Release|x64.ActiveCfg = Release|x64
		{5BEDE82F-169F-40C4-9346-2E24972D8AA0}.Release|x64.Build.0 = Release|x64
		{5BEDE82F-169F-40C4-9346-2E24972D8AA0}.Release|x86.ActiveCfg = Release|Win32
		{5BEDE82F-169F-40C4-9346-2E24972D8AA0}.Release|x86.Build.0 = Release|Win32
		{6BF8F11C-B2A2-46AB-B73C-E2F8A4E1BBE4}.Debug|x64.ActiveCfg = Debug|x64
		{6BF8F11C-B2A2-46AB-B73C-E2F8A4E1BBE4}.Debug|x64.Build.0 = Debug|x64
		{6BF8F11C-B2A2-46AB-B73C-E2F8A4E1BBE4}.Debug|x86.ActiveCfg = Debug|Win32
		{6BF8F11C-B2A2-46AB-B73C-E2F8A4E1BBE4}.Debug|x86.Build.0 = Debug|Win32
		{6BF8F11C-B2A2-46AB-B73C-E2F8A4E1BBE4}.Release|x64.ActiveCfg = Release|x64
		{6BF8F11C-B2A2-46AB-B73C-E2F8A4E1BBE4}.Release|x64.Build.0 = Release|x64
		{6BF8F11C-B2A2-46AB-B73C-E2F8A4E1BBE4}.Release|x86.ActiveCfg = Release|Win32
		{6BF8F11C-B2A2-46AB-B73C-E2F8A4E1BBE4}.Release|x86.Build.0 = Release|Win32
		{15B061A1-201A-4491-BE55-FAB1A9968570}.Debug|x64.ActiveCfg = Debug|x64
		{15B061A1-201A-4491-BE55-FAB1A9968570}.Debug|x64.Build.0 = Debug|x64
		{15B061A1-201A-4491-BE55-FAB1A9968570}.Debug|x86.ActiveCfg = Debug|Win32
		{15B061A1-201A-4491-BE55-FAB1A9968570}.Debug|x86.Build.0 = Debug|Win32
		{15B061A1-201A-4491-BE55-FAB1A9968570}.Release|x64.ActiveCfg = Release|x64
		{15B061A1-201A-4491-BE55-FAB1A9968570}.Release|x64.Build.0 = Release|x64
		{15B061A1-201A-4491-BE55-FAB1A9968570}.Release|x86.ActiveCfg = Release|Win32
		{15B061A1-201A-4491-BE55-FAB1A9968570}.Release|x86.Build.0 = Release|Win32
		{00E9B224-911B-41CD-B273-8BB2CD5E9969}.Debug|x64.ActiveCfg = Debug|x64
		{00E9B224-911B-41CD-B273-8BB2CD5E9969}.Debug|x64.Build.0 = Debug|x64
		{00E9B224-911B-41CD-B273-8BB2CD5E9969}.Debug|x86.ActiveCfg = Debug|Win32
		{00E9B224-911B-41CD-B273-8BB2CD5E9969}.Debug|x86.Build.0 = Debug|Win32
		{00E9B224-911B-41CD-B273-8BB2CD5E9969}.Release|x64.ActiveCfg = Release|x64
		{00E9B224-911B-41CD-B273-8BB2CD5E9969}.Release|x64.Build.0 = Release|x64
		{00E9B224-911B-41CD-B273-8BB2CD5E9969}.Release|x86.ActiveCfg = Release|Win32
		{00E9B224-911B-41CD-B273-8BB2CD5E9969}.Release|x86.Build.0 = Release|Win32
		{64A60203-6BE7-4D76-8B79-1A119D717EED}.Debug|x64.ActiveCfg = Debug|x64
		{64A60203-6BE7-4D76-8B79-1A119D717EED}.Debug|x64.Build.0 = Debug|x64
		{64A60203-6BE7-4D76-8B79-1A119D717EED}.Debug|x86.ActiveCfg = Debug|Win32
		{64A60203-6BE7-4D76-8B79-1A119D717EED}.Debug|x86.Build.0 = Debug|Win32
		{64A60203-6BE7-4D76-8B79-1A119D717EED}.Release|x64.ActiveCfg = Release|x64
		{64A60203-6BE7-4D76-8B79-1A119D717EED}.Release|x64.Build.0 = Release|x64
		{64A60203-6BE7-4D76-8B79-1A119D717EED}.Release|x86.ActiveCfg = Release|Win32
		{64A60203-6BE7-4D76-8B79-1A119D717EED}.Release|x86.Build.0 = Release|Win32
		{914F9167-C1EF-4409-8D12-78F5886DB5B1}.Debug|x64.ActiveCfg = Debug|x64
		{914F9167-C1EF-4409-8D12-78F5886DB5B1}.Debug|x64.Build.0 = Debug|x64
		{914F9167-C1EF-4409-8D12-78F5886DB5B1}.Debug|x86.ActiveCfg = Debug|Win32
		{914F9167-C1EF-4409-8D12-78F5886DB5B1}.Debug|x86.Build.0 = Debug|Win32
		{914F9167-C1EF-4409-8D12-78F5886DB5B1}.Release|x64.ActiveCfg = Release|x64
		{914F9167-C1EF-4409-8D12-78F5886DB5B1}.Release|x64.Build.0 = Release|x64
		{914F9167-C1EF-4409-8D12-78F5886DB5B1}.Release|x86.ActiveCfg = Release|Win32
		{914F9167-C1EF-4409-8D12-78F5886DB5B1}.Release|x86.Build.0 = Release|Win32
		{76C341F7-30E1-41BD-9224-41DC6F690260}.Debug|x64.ActiveCfg = Debug|x64
		{76C341F7-30E1-41BD-9224-41DC6F690260}.Debug|x64.Build.0 = Debug|x64
		{76C341F7-30E1-41BD-9224-41DC6F690260}.Debug|x86.ActiveCfg = Debug|Win32
		{76C341F7-30E1-41BD-9224-41DC6F690260}.Debug|x86.Build.0 = Debug|Win32
		{76C341F7-30E1-41BD-9224-41DC6F690260}.Release|x64.ActiveCfg = Release|x64
		{76C341F7-30E1-41BD-9224-41DC6F690260}.Release|x64.Build.0 = Release|x64
		{76C341F7-30E1-41BD-9224-41DC6F690260}.Release|x86.ActiveCfg = Release|Win32
		{76C341F7-30E1-41BD-9224-41DC6F690260}.Release|x86.Build.0 = Release|Win32
		{23F52A7F-611D-452D-885F-134A49DDA80E}.Debug|x64.ActiveCfg = Debug|x64
		{23F52A7F-611D-452D-885F-134A49DDA80E}.Debug|x64.Build.0 = Debug|x64
		{23F52A7F-611D-452D-885F-134A49DDA80E}.Debug|x86.ActiveCfg = Debug|Win32
		{23F52A7F-611D-452D-885F-134A49DDA80E}.Debug|x86.Build.0 = Debug|Win32
		{23F52A7F-611D-452D-885F-134A49DDA80E}.Release|x64.ActiveCfg = Release|x64
		{23F52A7F-611D-452D-885F-134A49DDA80E}.Release|x64.Build.0 = Release|x64
		{23F52A7F-611D-452D-885F-134A49DDA80E}.Release|x86.ActiveCfg = Release|Win32
		{23F52A7F-611D-452D-885F-134A49DDA80E}.Release|x86.Build.0 = Release|Win32
		{01F44A16-37B3-403E-95A4-23D511451BD3}.Debug|x64.ActiveCfg = Debug|x64
		{01F44A16-37B3-403E-95A4-23D511451BD3}.Debug|x64.Build.0 = Debug|x64
		{01F44A16-37B3-403E-95A4-23D511451BD3}.Debug|x86.ActiveCfg = Debug|Win32
		{01F44A16-37B3-403E-95A4-23D511451BD3}.Debug|x86.Build.0 = Debug|Win32
		{01F44A16-37B3-403E-95A4-23D511451BD3}.Release|x64.ActiveCfg = Release|x64
		{01F44A16-37B3-403E-95A4-23D511451BD3}.Release|x64.Build.0 = Release|x64
		{01F44A16-37B3-403E-95A4-23D511451BD3}.Release|x86.ActiveCfg = Release|Win32
		{01F44A16-37B3-403E-95A4-23D511451BD3}.Release|x86.Build.0 = Release|Win32
		{361F0E64-05A9-4194-8FAE-241946F197EC}.Debug|x64.ActiveCfg = Debug|x64
		{361F0E64-05A9-4194-8FAE-241946F197EC}.Debug|x64.Build.0 = Debug|x64
		{361F0E64-05A9-4194-8FAE-241946F197EC}.Debug|x86.ActiveCfg = Debug|Win32
		{361F0E64-05A9-4194-8FAE-241946F197EC}.Debug|x86.Build.0 = Debug|Win32
		{361F0E64-05A9-4194-8FAE-241946F197EC}.Release|x64.ActiveCfg = Release|x64
		{361F0E64-05A9-4194-8FAE-241946F197EC}.Release|x64.Build.0 = Release|x64
		{361F0E64-05A9-4194-8FAE-241946F197EC}.Release|x86.ActiveCfg = Release|Win32
		{361F0E64-05A9-4194-8FAE-241946F197EC}.Release|x86.Build.0 = Release|Win32
		{CC2D11C0-0378-4EC4-B837-D2F971A121D3}.Debug|x64.ActiveCfg = Debug|x64
		{CC2D11C0-0378-4EC4-B837-D2F971A121D3}.Debug|x64.Build.0 = Debug|x64
		{CC2D11C0-0378-4EC4-B837-D2F971A121D3}.Debug|x86.ActiveCfg = Debug|Win32
		{CC2D11C0-0378-4EC4-B837-D2F971A121D3}.Debug|x86.Build.0 = Debug|Win32
		{CC2D11C0-0378-4EC4-B837-D2F971A121D3}.Release|x64.ActiveCfg = Release|x64
		{CC2D11C0-0378-4EC4-B837-D2F971A121D3}.Release|x64.Build.0 = Release|x64
		{CC2D11C0-0378-4EC4-B837-D2F971A121D3}.Release|x86.ActiveCfg = Release|Win32
		{CC2D11C0-0378-4EC4-B837-D2F971A121D3}.Release|x86.Build.0 = Release|Win32
		{B4955360-0DED-402D-88D8-BE4E2D5C2EF2}.Debug|x64.ActiveCfg = Debug|x64
		{B4955360-0DED-402D-88D8-BE4E2D5C2EF2}.Debug|x64.Build.0 = Debug|x64
		{B4955360-0DED-402D-88D8-BE4E2D5C2EF2}.Debug|x86.ActiveCfg = Debug|Win32
		{B4955360-0DED-402D-88D8-BE4E2D5C2EF2}.Debug|x86.Build.0 = Debug|Win32
		{B4955360-0DED-402D-88D8-BE4E2D5C2EF2}.Release|x64.ActiveCfg = Release|x64
		{B4955360-0DED-402D-88D8-BE4E2D5C2EF2}.Release|x64.Build.0 = Release|x64
		{B4955360-0DED-402D-88D8-BE4E2D5C2EF2}.Release|x86.ActiveCfg = Release|Win32
		{B4955360-0DED-402D-88D8-BE4E2D5C2EF2}.Release|x86.Build.0 = Release|Win32
		{E45E9DFD-DE3C-4045-87FB-933753DD7CC2}.Debug|x64.ActiveCfg = Debug|x64
		{E45E9DFD-DE3C-4045-87FB-933753DD7CC2}.Debug|x64.Build.0 = Debug|x64
		{E45E9DFD-DE3C-4045-87FB-933753DD7CC2}.Debug|x86.ActiveCfg = Debug|Win32
		{E45E9DFD-DE3C-4045-87FB-933753DD7CC2}.Debug|x86.Build.0 = Debug|Win32
		{E45E9DFD-DE3C-4045-87FB-933753DD7CC2}.Release|x64.ActiveCfg = Release|x64
		{E45E9DFD-DE3C-4045-87FB-933753DD7CC2}.Release|x64.Build.0 = Release|x64
		{E45E9DFD-DE3C-4045-87FB-933753DD7CC2}.Release|x86.ActiveCfg = Release|Win32
		{E45E9DFD-DE3C-4045-87FB-933753DD7CC2}.Release|x86.Build.0 = Release|Win32
		{1312A465-50AA-4253-ACEA-300BA88A4C3A}.Debug|x64.ActiveCfg = Debug|x64
		{1312A465-50AA-4253-ACEA-300BA88A4C3A}.Debug|x64.Build.0 = Debug|x64
		{1312A465-50AA-4253-ACEA-300BA88A4C3A}.Debug|x86.ActiveCfg = Debug|Win32
		{1312A465-50AA-4253-ACEA-300BA88A4C3A}.Debug|x86.Build.0 = Debug|Win32
		{1312A465-50AA-4253-ACEA-300BA88A4C3A}.Release|x64.ActiveCfg = Release|x64
		{1312A465-50AA-4253-ACEA-300BA88A4C3A}.Release|x64.Build.0 = Release|x64
		{1312A465-50AA-4253-ACEA-300BA88A4C3A}.Release|x86.ActiveCfg = Release|Win32
		{1312A465-50AA-4253-ACEA-300BA88A4C3A}.Release|x86.Build.0 = Release|Win32
		{CE61A49F-A121-437C-BE76-1AA47ED4B171}.Debug|x64.ActiveCfg = Debug|x64
		{CE61A49F-A121-437C-BE76-1AA47ED4B171}.Debug|x64.Build.0 = Debug|x64
		{CE61A49F-A121-437C-BE76-1AA47ED4B171}.Debug|x86.ActiveCfg = Debug|Win32
		{CE61A49F-A121-437C-BE76-1AA47ED4B171}.Debug|x86.Build.0 = Debug|Win32
		{CE61A49F-A121-437C-BE76-1AA47ED4B171}.Release|x64.ActiveCfg = Release|x64
		{CE61A49F-A121-437C-BE76-1AA47ED4B171}.Release|x64.Build.0 = Release|x64
		{CE61A49F-A121-437C-BE76-1AA47ED4B171}.Release|x86.ActiveCfg = Release|Win32
		{CE61A49F-A121-437C-BE76-1AA47ED4B171}.Release|x86.Build.0 = Release|Win32
		{AB844295-A3D0-480C-875A-B0729A808387}.Debug|x64.ActiveCfg = Debug|x64
		{AB844295-A3D0-480C-875A-B0729A808387}.Debug|x64.Build.0 = Debug|x64
		{AB844295-A3D0-480C-875A-B0729A808387}.Debug|x86.ActiveCfg = Debug|Win32
		{AB844295-A3D0-480C-875A-B0729A808387}.Debug|x86.Build.0 = Debug|Win32
		{AB844295-A3D0-480C-875A-B0729A808387}.Release|x64.ActiveCfg = Release|x64
		{AB844295-A3D0-480C-875A-B0729A808387}.Release|x64.Build.0 = Release|x64
		{AB844295-A3D0-480C-875A-B0729A808387}.Release|x86.ActiveCfg = Release|Win32
		{AB844295-A3D0-480C-875A-B0729A808387}.Release|x86.Build.0 = Release|Win32
		{EB99C068-FE91-4ABF-8988-6B0B4E507284}.Debug|x64.ActiveCfg = Debug|x64
		{EB99C068-FE91-4ABF-8988-6B0B4E507284}.Debug|x64.Build.0 = Debug|x64
		{EB99C068-FE91-4ABF-8988-6B0B4E507284}.Debug|x86.ActiveCfg = Debug|Win32
		{EB99C068-FE91-4ABF-8988-6B0B4E507284}.Debug|x86.Build.0 = Debug|Win32
		{EB99C068-FE91-4ABF-8988-6B0B4E507284}.Release|x64.ActiveCfg = Release|x64
		{EB99C068-FE91-4ABF-8988-6B0B4E507284}.Release|x64.Build.0 = Release|x64
		{EB99C068-FE91-4ABF-8988-6B0B4E507284}.Release|x86.ActiveCfg = Release|Win32
		{EB99C068-FE91-4ABF-8988-6B0B4E507284}.Release|x86.Build.0 = Release|Win32
		{5A2136D8-005C-475C-883A-5DBAC658E3E7}.Debug|x64.ActiveCfg = Debug|x64
		{5A2136D8-005C-475C-883A-5DBAC658E3E7}.Debug|x64.Build.0 = Debug|x64
		{5A2136D8-005C-475C-883A-5DBAC658E3E7}.Debug|x86.ActiveCfg = Debug|Win32
		{5A2136D8-005C-475C-883A-5DBAC658E3E7}.Debug|x86.Build.0 = Debug|Win32
		{5A2136D8-005C-475C-883A-5DBAC658E3E7}.Release|x64.ActiveCfg = Release|x64
		{5A2136D8-005C-475C-883A-5DBAC658E3E7}.Release|x64.Build.0 = Release|x64
		{5A2136D8-005C-475C-883A-5DBAC658E3E7}.Release|x86.ActiveCfg = Release|Win32
		{5A2136D8-005C-475C-883A-5DBAC658E3E7}.Release|x86.Build.0 = Release|Win32
		{B8B97AB5-72BD-4B18-A929-D5E86C9CA050}.Debug|x64.ActiveCfg = Debug|x64
		{B8B97AB5-72BD-4B18-A929-D5E86C9CA050}.Debug|x64.Build.0 = Debug|x64
		{B8B97AB5-72BD-4B18-A929-D5E86C9CA050}.Debug|x86.ActiveCfg = Debug|Win32
		{B8B97AB5-72BD-4B18-A929-D5E86C9CA050}.Debug|x86.Build.0 = Debug|Win32
		{B8B97AB5-72BD-4B18-A929-D5E86C9CA050}.Release|x64.ActiveCfg = Release|x64
		{B8B97AB5-72BD-4B18-A929-D5E86C9CA050}.Release|x64.Build.0 = Release|x64
		{B8B97AB5-72BD-4B18-A929-D5E86C9CA050}.Release|x86.ActiveCfg = Release|Win32
		{B8B97AB5-72BD-4B18-A929-D5E86C9CA050}.Release|x86.Build.0 = Release|Win32
		{C229E883-6D09-4933-BEA1-C24F237D691F}.Debug|x64.ActiveCfg = Debug|x64
		{C229E883-6D09-4933-BEA1-C24F237D691F}.Debug|x64.Build.0 = Debug|x64
		{C229E883-6D09-4933-BEA1-C24F237D691F}.Debug|x86.ActiveCfg = Debug|Win32
		{C229E883-6D09-4933-BEA1-C24F237D691F}.Debug|x86.Build.0 = Debug|Win32
		{C229E883-6D09-4933-BEA1-C24F237D691F}.Release|x64.ActiveCfg = Release|x64
		{C229E883-6D09-4933-BEA1-C24F237D691F}.Release|x64.Build.0 = Release|x64
		{C229E883-6D09-4933-BEA1-C24F237D691F}.Release|x86.ActiveCfg = Release|Win32
		{C229E883-6D09-4933-BEA1-C24F237D691F}.Release|x86.Build.0 = Release|Win32
		{C13F9DC0-9454-4AFC-B4DD-E0F3D3D36115}.Debug|x64.ActiveCfg = Debug|x64
		{C13F9DC0-9454-4AFC-B4DD-E0F3D3D36115}.Debug|x64.Build.0 = Debug|x64
		{C13F9DC0-9454-4AFC-B4DD-E0F3D3D36115}.Debug|x86.ActiveCfg = Debug|Win32
		{C13F9DC0-9454-4AFC-B4DD-E0F3D3D36115}.Debug|x86.Build.0 = Debug|Win32
		{C13F9DC0-9454-4AFC-B4DD-E0F3D3D36115}.Release|x64.ActiveCfg = Release|x64
		{C13F9DC0-9454-4AFC-B4DD-E0F3D3D36115}.Release|x64.Build.0 = Release|x64
		{C13F9DC0-9454-4AFC-B4DD-E0F3D3D36115}.Release|x86.ActiveCfg = Release|Win32
		{C13F9DC0-9454-4AFC-B4DD-E0F3D3D36115}.Release|x86.Build.0 = Release|Win32
	EndGlobalSection
	GlobalSection(SolutionProperties) = preSolution
		HideSolutionNode = FALSE
	EndGlobalSection
	GlobalSection(ExtensibilityGlobals) = postSolution
		SolutionGuid = {AB350E90-0A50-4BF7-9236-FEFAF963CA93}
	EndGlobalSection
EndGlobal
